
Microsoft Visual Studio Solution File, Format Version 12.00
# Visual Studio Version 16
VisualStudioVersion = 16.0.29418.71
MinimumVisualStudioVersion = 10.0.40219.1
Project("{FAE04EC0-301F-11D3-BF4B-00C04F79EFBC}") = "Zadanie4", "Zadanie4\Zadanie4.csproj", "{AC690D4F-C4AD-4D5E-B4ED-0AFD269ADA26}"
EndProject
Global
	GlobalSection(SolutionConfigurationPlatforms) = preSolution
		Debug|Any CPU = Debug|Any CPU
		Release|Any CPU = Release|Any CPU
	EndGlobalSection
	GlobalSection(ProjectConfigurationPlatforms) = postSolution
		{AC690D4F-C4AD-4D5E-B4ED-0AFD269ADA26}.Debug|Any CPU.ActiveCfg = Debug|Any CPU
		{AC690D4F-C4AD-4D5E-B4ED-0AFD269ADA26}.Debug|Any CPU.Build.0 = Debug|Any CPU
		{AC690D4F-C4AD-4D5E-B4ED-0AFD269ADA26}.Release|Any CPU.ActiveCfg = Release|Any CPU
		{AC690D4F-C4AD-4D5E-B4ED-0AFD269ADA26}.Release|Any CPU.Build.0 = Release|Any CPU
	EndGlobalSection
	GlobalSection(SolutionProperties) = preSolution
		HideSolutionNode = FALSE
	EndGlobalSection
	GlobalSection(ExtensibilityGlobals) = postSolution
		SolutionGuid = {83B2E154-3FC0-485F-A61C-EF4F513A4A17}
	EndGlobalSection
EndGlobal
